{
  "nodes": {
    "nixpkgs": {
      "locked": {
        "lastModified": 1711124224,
        "narHash": "sha256-l0zlN/3CiodvWDtfBOVxeTwYSRz93muVbXWSpaMjXxM=",
        "owner": "NixOS",
        "repo": "nixpkgs",
        "rev": "56528ee42526794d413d6f244648aaee4a7b56c0",
        "type": "github"
      },
      "original": {
        "id": "nixpkgs",
        "ref": "nixos-23.11",
        "type": "indirect"
      }
    },
    "root": {
      "inputs": {
        "nixpkgs": "nixpkgs",
        "unstable": "unstable"
      }
    },
    "unstable": {
      "locked": {
        "lastModified": 1711333969,
        "narHash": "sha256-5PiWGn10DQjMZee5NXzeA6ccsv60iLu+Xtw+mfvkUAs=",
        "owner": "NixOS",
        "repo": "nixpkgs",
        "rev": "57e6b3a9e4ebec5aa121188301f04a6b8c354c9b",
        "type": "github"
      },
      "original": {
        "id": "nixpkgs",
        "ref": "nixos-unstable",
        "type": "indirect"
      }
    }
  },
  "root": "root",
  "version": 7
}
